// !$*UTF8*$!
{
	archiveVersion = 1;
	classes = {
	};
	objectVersion = 48;
	objects = {

/* Begin PBXBuildFile section */
		25DD4722201B5D0B00CF4869 /* AppDelegate.swift in Sources */ = {isa = PBXBuildFile; fileRef = 25DD4721201B5D0B00CF4869 /* AppDelegate.swift */; };
		25DD4725201B5D0B00CF4869 /* Model.swift in Sources */ = {isa = PBXBuildFile; fileRef = 25DD4724201B5D0B00CF4869 /* Model.swift */; };
		25DD4727201B5D0B00CF4869 /* Data.swift in Sources */ = {isa = PBXBuildFile; fileRef = 25DD4726201B5D0B00CF4869 /* Data.swift */; };
		25DD472D201B5D0B00CF4869 /* Main.storyboard in Resources */ = {isa = PBXBuildFile; fileRef = 25DD472C201B5D0B00CF4869 /* Main.storyboard */; };
		25DD472F201B5D0B00CF4869 /* TableViewCell.swift in Sources */ = {isa = PBXBuildFile; fileRef = 25DD472E201B5D0B00CF4869 /* TableViewCell.swift */; };
		25DD4732201B5D0B00CF4869 /* ViewController.swift in Sources */ = {isa = PBXBuildFile; fileRef = 25DD4731201B5D0B00CF4869 /* ViewController.swift */; };
		25DD4734201B5D0B00CF4869 /* Assets.xcassets in Resources */ = {isa = PBXBuildFile; fileRef = 25DD4733201B5D0B00CF4869 /* Assets.xcassets */; };
		25DD4737201B5D0B00CF4869 /* LaunchScreen.storyboard in Resources */ = {isa = PBXBuildFile; fileRef = 25DD4735201B5D0B00CF4869 /* LaunchScreen.storyboard */; };
		25DD473F201B5F3300CF4869 /* ScannerViewController.swift in Sources */ = {isa = PBXBuildFile; fileRef = 25DD473E201B5F3300CF4869 /* ScannerViewController.swift */; };
		25DD474C201B741C00CF4869 /* UIButtonX.swift in Sources */ = {isa = PBXBuildFile; fileRef = 25DD4742201B741C00CF4869 /* UIButtonX.swift */; };
		25DD474D201B741C00CF4869 /* UIImageViewX.swift in Sources */ = {isa = PBXBuildFile; fileRef = 25DD4743201B741C00CF4869 /* UIImageViewX.swift */; };
		25DD474E201B741C00CF4869 /* UILabelX.swift in Sources */ = {isa = PBXBuildFile; fileRef = 25DD4744201B741C00CF4869 /* UILabelX.swift */; };
		25DD474F201B741C00CF4869 /* UISliderX.swift in Sources */ = {isa = PBXBuildFile; fileRef = 25DD4745201B741C00CF4869 /* UISliderX.swift */; };
		25DD4750201B741C00CF4869 /* UITextFieldX.swift in Sources */ = {isa = PBXBuildFile; fileRef = 25DD4746201B741C00CF4869 /* UITextFieldX.swift */; };
		25DD4751201B741C00CF4869 /* UIViewAnchorPoint.swift in Sources */ = {isa = PBXBuildFile; fileRef = 25DD4747201B741C00CF4869 /* UIViewAnchorPoint.swift */; };
		25DD4752201B741C00CF4869 /* UIViewControllerX.swift in Sources */ = {isa = PBXBuildFile; fileRef = 25DD4748201B741C00CF4869 /* UIViewControllerX.swift */; };
		25DD4753201B741C00CF4869 /* UIViewX.swift in Sources */ = {isa = PBXBuildFile; fileRef = 25DD4749201B741C00CF4869 /* UIViewX.swift */; };
		25DD4754201B741C00CF4869 /* UIViewXRadialGradient.swift in Sources */ = {isa = PBXBuildFile; fileRef = 25DD474A201B741C00CF4869 /* UIViewXRadialGradient.swift */; };
		25DD4755201B741C00CF4869 /* UIVisualEffectViewX.swift in Sources */ = {isa = PBXBuildFile; fileRef = 25DD474B201B741C00CF4869 /* UIVisualEffectViewX.swift */; };
		A1007CB6C384615CC4410AA9 /* Pods_prototypeV1.framework in Frameworks */ = {isa = PBXBuildFile; fileRef = F3DB3765F59070E77DF8F151 /* Pods_prototypeV1.framework */; };
/* End PBXBuildFile section */

/* Begin PBXFileReference section */
		049AECE57D12546FF8B5E6C9 /* Pods-prototypeV1.release.xcconfig */ = {isa = PBXFileReference; includeInIndex = 1; lastKnownFileType = text.xcconfig; name = "Pods-prototypeV1.release.xcconfig"; path = "Pods/Target Support Files/Pods-prototypeV1/Pods-prototypeV1.release.xcconfig"; sourceTree = "<group>"; };
		25DD471E201B5D0B00CF4869 /* prototypeV1.app */ = {isa = PBXFileReference; explicitFileType = wrapper.application; includeInIndex = 0; path = prototypeV1.app; sourceTree = BUILT_PRODUCTS_DIR; };
		25DD4721201B5D0B00CF4869 /* AppDelegate.swift */ = {isa = PBXFileReference; lastKnownFileType = sourcecode.swift; path = AppDelegate.swift; sourceTree = "<group>"; };
		25DD4724201B5D0B00CF4869 /* Model.swift */ = {isa = PBXFileReference; lastKnownFileType = sourcecode.swift; path = Model.swift; sourceTree = "<group>"; };
		25DD4726201B5D0B00CF4869 /* Data.swift */ = {isa = PBXFileReference; lastKnownFileType = sourcecode.swift; path = Data.swift; sourceTree = "<group>"; };
		25DD472C201B5D0B00CF4869 /* Main.storyboard */ = {isa = PBXFileReference; lastKnownFileType = file.storyboard; path = Main.storyboard; sourceTree = "<group>"; };
		25DD472E201B5D0B00CF4869 /* TableViewCell.swift */ = {isa = PBXFileReference; lastKnownFileType = sourcecode.swift; path = TableViewCell.swift; sourceTree = "<group>"; };
		25DD4731201B5D0B00CF4869 /* ViewController.swift */ = {isa = PBXFileReference; lastKnownFileType = sourcecode.swift; path = ViewController.swift; sourceTree = "<group>"; };
		25DD4733201B5D0B00CF4869 /* Assets.xcassets */ = {isa = PBXFileReference; lastKnownFileType = folder.assetcatalog; path = Assets.xcassets; sourceTree = "<group>"; };
		25DD4736201B5D0B00CF4869 /* Base */ = {isa = PBXFileReference; lastKnownFileType = file.storyboard; name = Base; path = Base.lproj/LaunchScreen.storyboard; sourceTree = "<group>"; };
		25DD4738201B5D0B00CF4869 /* Info.plist */ = {isa = PBXFileReference; lastKnownFileType = text.plist.xml; path = Info.plist; sourceTree = "<group>"; };
		25DD473E201B5F3300CF4869 /* ScannerViewController.swift */ = {isa = PBXFileReference; lastKnownFileType = sourcecode.swift; path = ScannerViewController.swift; sourceTree = "<group>"; };
		25DD4742201B741C00CF4869 /* UIButtonX.swift */ = {isa = PBXFileReference; fileEncoding = 4; lastKnownFileType = sourcecode.swift; path = UIButtonX.swift; sourceTree = "<group>"; };
		25DD4743201B741C00CF4869 /* UIImageViewX.swift */ = {isa = PBXFileReference; fileEncoding = 4; lastKnownFileType = sourcecode.swift; path = UIImageViewX.swift; sourceTree = "<group>"; };
		25DD4744201B741C00CF4869 /* UILabelX.swift */ = {isa = PBXFileReference; fileEncoding = 4; lastKnownFileType = sourcecode.swift; path = UILabelX.swift; sourceTree = "<group>"; };
		25DD4745201B741C00CF4869 /* UISliderX.swift */ = {isa = PBXFileReference; fileEncoding = 4; lastKnownFileType = sourcecode.swift; path = UISliderX.swift; sourceTree = "<group>"; };
		25DD4746201B741C00CF4869 /* UITextFieldX.swift */ = {isa = PBXFileReference; fileEncoding = 4; lastKnownFileType = sourcecode.swift; path = UITextFieldX.swift; sourceTree = "<group>"; };
		25DD4747201B741C00CF4869 /* UIViewAnchorPoint.swift */ = {isa = PBXFileReference; fileEncoding = 4; lastKnownFileType = sourcecode.swift; path = UIViewAnchorPoint.swift; sourceTree = "<group>"; };
		25DD4748201B741C00CF4869 /* UIViewControllerX.swift */ = {isa = PBXFileReference; fileEncoding = 4; lastKnownFileType = sourcecode.swift; path = UIViewControllerX.swift; sourceTree = "<group>"; };
		25DD4749201B741C00CF4869 /* UIViewX.swift */ = {isa = PBXFileReference; fileEncoding = 4; lastKnownFileType = sourcecode.swift; path = UIViewX.swift; sourceTree = "<group>"; };
		25DD474A201B741C00CF4869 /* UIViewXRadialGradient.swift */ = {isa = PBXFileReference; fileEncoding = 4; lastKnownFileType = sourcecode.swift; path = UIViewXRadialGradient.swift; sourceTree = "<group>"; };
		25DD474B201B741C00CF4869 /* UIVisualEffectViewX.swift */ = {isa = PBXFileReference; fileEncoding = 4; lastKnownFileType = sourcecode.swift; path = UIVisualEffectViewX.swift; sourceTree = "<group>"; };
		67BECB4876A15A8C8DCEEA5E /* Pods-prototypeV1.debug.xcconfig */ = {isa = PBXFileReference; includeInIndex = 1; lastKnownFileType = text.xcconfig; name = "Pods-prototypeV1.debug.xcconfig"; path = "Pods/Target Support Files/Pods-prototypeV1/Pods-prototypeV1.debug.xcconfig"; sourceTree = "<group>"; };
		F3DB3765F59070E77DF8F151 /* Pods_prototypeV1.framework */ = {isa = PBXFileReference; explicitFileType = wrapper.framework; includeInIndex = 0; path = Pods_prototypeV1.framework; sourceTree = BUILT_PRODUCTS_DIR; };
/* End PBXFileReference section */

/* Begin PBXFrameworksBuildPhase section */
		25DD471B201B5D0B00CF4869 /* Frameworks */ = {
			isa = PBXFrameworksBuildPhase;
			buildActionMask = 2147483647;
			files = (
				A1007CB6C384615CC4410AA9 /* Pods_prototypeV1.framework in Frameworks */,
			);
			runOnlyForDeploymentPostprocessing = 0;
		};
/* End PBXFrameworksBuildPhase section */

/* Begin PBXGroup section */
		1FD37F0E332E8F4CC218B532 /* Pods */ = {
			isa = PBXGroup;
			children = (
				67BECB4876A15A8C8DCEEA5E /* Pods-prototypeV1.debug.xcconfig */,
				049AECE57D12546FF8B5E6C9 /* Pods-prototypeV1.release.xcconfig */,
			);
			name = Pods;
			sourceTree = "<group>";
		};
		25DD4715201B5D0B00CF4869 = {
			isa = PBXGroup;
			children = (
				25DD4720201B5D0B00CF4869 /* prototypeV1 */,
				25DD471F201B5D0B00CF4869 /* Products */,
				1FD37F0E332E8F4CC218B532 /* Pods */,
				5099A56AC92B4DA837849A2B /* Frameworks */,
			);
			sourceTree = "<group>";
		};
		25DD471F201B5D0B00CF4869 /* Products */ = {
			isa = PBXGroup;
			children = (
				25DD471E201B5D0B00CF4869 /* prototypeV1.app */,
			);
			name = Products;
			sourceTree = "<group>";
		};
		25DD4720201B5D0B00CF4869 /* prototypeV1 */ = {
			isa = PBXGroup;
			children = (
				25DD4740201B73F300CF4869 /* Resources */,
				25DD4721201B5D0B00CF4869 /* AppDelegate.swift */,
				25DD4733201B5D0B00CF4869 /* Assets.xcassets */,
				25DD4735201B5D0B00CF4869 /* LaunchScreen.storyboard */,
				25DD4738201B5D0B00CF4869 /* Info.plist */,
				25DD4723201B5D0B00CF4869 /* Model */,
				25DD472B201B5D0B00CF4869 /* View */,
				25DD4730201B5D0B00CF4869 /* Controller */,
			);
			path = prototypeV1;
			sourceTree = "<group>";
		};
		25DD4723201B5D0B00CF4869 /* Model */ = {
			isa = PBXGroup;
			children = (
				25DD4724201B5D0B00CF4869 /* Model.swift */,
				25DD4726201B5D0B00CF4869 /* Data.swift */,
			);
			name = Model;
			sourceTree = "<group>";
		};
		25DD472B201B5D0B00CF4869 /* View */ = {
			isa = PBXGroup;
			children = (
				25DD472C201B5D0B00CF4869 /* Main.storyboard */,
				25DD472E201B5D0B00CF4869 /* TableViewCell.swift */,
			);
			name = View;
			sourceTree = "<group>";
		};
		25DD4730201B5D0B00CF4869 /* Controller */ = {
			isa = PBXGroup;
			children = (
				25DD4731201B5D0B00CF4869 /* ViewController.swift */,
				25DD473E201B5F3300CF4869 /* ScannerViewController.swift */,
			);
			name = Controller;
			sourceTree = "<group>";
		};
		25DD4740201B73F300CF4869 /* Resources */ = {
			isa = PBXGroup;
			children = (
				25DD4741201B741C00CF4869 /* DesignableX */,
			);
			name = Resources;
			sourceTree = "<group>";
		};
		25DD4741201B741C00CF4869 /* DesignableX */ = {
			isa = PBXGroup;
			children = (
				25DD4742201B741C00CF4869 /* UIButtonX.swift */,
				25DD4743201B741C00CF4869 /* UIImageViewX.swift */,
				25DD4744201B741C00CF4869 /* UILabelX.swift */,
				25DD4745201B741C00CF4869 /* UISliderX.swift */,
				25DD4746201B741C00CF4869 /* UITextFieldX.swift */,
				25DD4747201B741C00CF4869 /* UIViewAnchorPoint.swift */,
				25DD4748201B741C00CF4869 /* UIViewControllerX.swift */,
				25DD4749201B741C00CF4869 /* UIViewX.swift */,
				25DD474A201B741C00CF4869 /* UIViewXRadialGradient.swift */,
				25DD474B201B741C00CF4869 /* UIVisualEffectViewX.swift */,
			);
			path = DesignableX;
			sourceTree = "<group>";
		};
		5099A56AC92B4DA837849A2B /* Frameworks */ = {
			isa = PBXGroup;
			children = (
				F3DB3765F59070E77DF8F151 /* Pods_prototypeV1.framework */,
			);
			name = Frameworks;
			sourceTree = "<group>";
		};
/* End PBXGroup section */

/* Begin PBXNativeTarget section */
		25DD471D201B5D0B00CF4869 /* prototypeV1 */ = {
			isa = PBXNativeTarget;
			buildConfigurationList = 25DD473B201B5D0B00CF4869 /* Build configuration list for PBXNativeTarget "prototypeV1" */;
			buildPhases = (
				30C2F627EBFFDABAD78A05B4 /* [CP] Check Pods Manifest.lock */,
				25DD471A201B5D0B00CF4869 /* Sources */,
				25DD471B201B5D0B00CF4869 /* Frameworks */,
				25DD471C201B5D0B00CF4869 /* Resources */,
				2012B2AB7CB5D13B50577459 /* [CP] Embed Pods Frameworks */,
				EFBC58817716ACB8E8320A46 /* [CP] Copy Pods Resources */,
			);
			buildRules = (
			);
			dependencies = (
			);
			name = prototypeV1;
			productName = prototypeV1;
			productReference = 25DD471E201B5D0B00CF4869 /* prototypeV1.app */;
			productType = "com.apple.product-type.application";
		};
/* End PBXNativeTarget section */

/* Begin PBXProject section */
		25DD4716201B5D0B00CF4869 /* Project object */ = {
			isa = PBXProject;
			attributes = {
				LastSwiftUpdateCheck = 0920;
				LastUpgradeCheck = 0920;
				ORGANIZATIONNAME = Medhatm3bd;
				TargetAttributes = {
					25DD471D201B5D0B00CF4869 = {
						CreatedOnToolsVersion = 9.2;
						ProvisioningStyle = Automatic;
					};
				};
			};
			buildConfigurationList = 25DD4719201B5D0B00CF4869 /* Build configuration list for PBXProject "prototypeV1" */;
			compatibilityVersion = "Xcode 8.0";
			developmentRegion = en;
			hasScannedForEncodings = 0;
			knownRegions = (
				en,
				Base,
			);
			mainGroup = 25DD4715201B5D0B00CF4869;
			productRefGroup = 25DD471F201B5D0B00CF4869 /* Products */;
			projectDirPath = "";
			projectRoot = "";
			targets = (
				25DD471D201B5D0B00CF4869 /* prototypeV1 */,
			);
		};
/* End PBXProject section */

/* Begin PBXResourcesBuildPhase section */
		25DD471C201B5D0B00CF4869 /* Resources */ = {
			isa = PBXResourcesBuildPhase;
			buildActionMask = 2147483647;
			files = (
				25DD4737201B5D0B00CF4869 /* LaunchScreen.storyboard in Resources */,
				25DD4734201B5D0B00CF4869 /* Assets.xcassets in Resources */,
				25DD472D201B5D0B00CF4869 /* Main.storyboard in Resources */,
			);
			runOnlyForDeploymentPostprocessing = 0;
		};
/* End PBXResourcesBuildPhase section */

/* Begin PBXShellScriptBuildPhase section */
		2012B2AB7CB5D13B50577459 /* [CP] Embed Pods Frameworks */ = {
			isa = PBXShellScriptBuildPhase;
			buildActionMask = 2147483647;
			files = (
			);
			inputPaths = (
			);
			name = "[CP] Embed Pods Frameworks";
			outputPaths = (
			);
			runOnlyForDeploymentPostprocessing = 0;
			shellPath = /bin/sh;
			shellScript = "\"${SRCROOT}/Pods/Target Support Files/Pods-prototypeV1/Pods-prototypeV1-frameworks.sh\"\n";
			showEnvVarsInLog = 0;
		};
		30C2F627EBFFDABAD78A05B4 /* [CP] Check Pods Manifest.lock */ = {
			isa = PBXShellScriptBuildPhase;
			buildActionMask = 2147483647;
			files = (
			);
			inputPaths = (
			);
			name = "[CP] Check Pods Manifest.lock";
			outputPaths = (
			);
			runOnlyForDeploymentPostprocessing = 0;
			shellPath = /bin/sh;
			shellScript = "diff \"${PODS_ROOT}/../Podfile.lock\" \"${PODS_ROOT}/Manifest.lock\" > /dev/null\nif [ $? != 0 ] ; then\n    # print error to STDERR\n    echo \"error: The sandbox is not in sync with the Podfile.lock. Run 'pod install' or update your CocoaPods installation.\" >&2\n    exit 1\nfi\n";
			showEnvVarsInLog = 0;
		};
		EFBC58817716ACB8E8320A46 /* [CP] Copy Pods Resources */ = {
			isa = PBXShellScriptBuildPhase;
			buildActionMask = 2147483647;
			files = (
			);
			inputPaths = (
			);
			name = "[CP] Copy Pods Resources";
			outputPaths = (
			);
			runOnlyForDeploymentPostprocessing = 0;
			shellPath = /bin/sh;
			shellScript = "\"${SRCROOT}/Pods/Target Support Files/Pods-prototypeV1/Pods-prototypeV1-resources.sh\"\n";
			showEnvVarsInLog = 0;
		};
/* End PBXShellScriptBuildPhase section */

/* Begin PBXSourcesBuildPhase section */
		25DD471A201B5D0B00CF4869 /* Sources */ = {
			isa = PBXSourcesBuildPhase;
			buildActionMask = 2147483647;
			files = (
				25DD4751201B741C00CF4869 /* UIViewAnchorPoint.swift in Sources */,
				25DD474E201B741C00CF4869 /* UILabelX.swift in Sources */,
				25DD474F201B741C00CF4869 /* UISliderX.swift in Sources */,
				25DD4732201B5D0B00CF4869 /* ViewController.swift in Sources */,
				25DD474D201B741C00CF4869 /* UIImageViewX.swift in Sources */,
				25DD4753201B741C00CF4869 /* UIViewX.swift in Sources */,
				25DD4755201B741C00CF4869 /* UIVisualEffectViewX.swift in Sources */,
				25DD473F201B5F3300CF4869 /* ScannerViewController.swift in Sources */,
				25DD4722201B5D0B00CF4869 /* AppDelegate.swift in Sources */,
				25DD4754201B741C00CF4869 /* UIViewXRadialGradient.swift in Sources */,
				25DD4752201B741C00CF4869 /* UIViewControllerX.swift in Sources */,
				25DD474C201B741C00CF4869 /* UIButtonX.swift in Sources */,
				25DD472F201B5D0B00CF4869 /* TableViewCell.swift in Sources */,
				25DD4750201B741C00CF4869 /* UITextFieldX.swift in Sources */,
				25DD4727201B5D0B00CF4869 /* Data.swift in Sources */,
				25DD4725201B5D0B00CF4869 /* Model.swift in Sources */,
			);
			runOnlyForDeploymentPostprocessing = 0;
		};
/* End PBXSourcesBuildPhase section */

/* Begin PBXVariantGroup section */
		25DD4735201B5D0B00CF4869 /* LaunchScreen.storyboard */ = {
			isa = PBXVariantGroup;
			children = (
				25DD4736201B5D0B00CF4869 /* Base */,
			);
			name = LaunchScreen.storyboard;
			sourceTree = "<group>";
		};
/* End PBXVariantGroup section */

/* Begin XCBuildConfiguration section */
		25DD4739201B5D0B00CF4869 /* Debug */ = {
			isa = XCBuildConfiguration;
			buildSettings = {
				ALWAYS_SEARCH_USER_PATHS = NO;
				CLANG_ANALYZER_NONNULL = YES;
				CLANG_ANALYZER_NUMBER_OBJECT_CONVERSION = YES_AGGRESSIVE;
				CLANG_CXX_LANGUAGE_STANDARD = "gnu++14";
				CLANG_CXX_LIBRARY = "libc++";
				CLANG_ENABLE_MODULES = YES;
				CLANG_ENABLE_OBJC_ARC = YES;
				CLANG_WARN_BLOCK_CAPTURE_AUTORELEASING = YES;
				CLANG_WARN_BOOL_CONVERSION = YES;
				CLANG_WARN_COMMA = YES;
				CLANG_WARN_CONSTANT_CONVERSION = YES;
				CLANG_WARN_DIRECT_OBJC_ISA_USAGE = YES_ERROR;
				CLANG_WARN_DOCUMENTATION_COMMENTS = YES;
				CLANG_WARN_EMPTY_BODY = YES;
				CLANG_WARN_ENUM_CONVERSION = YES;
				CLANG_WARN_INFINITE_RECURSION = YES;
				CLANG_WARN_INT_CONVERSION = YES;
				CLANG_WARN_NON_LITERAL_NULL_CONVERSION = YES;
				CLANG_WARN_OBJC_LITERAL_CONVERSION = YES;
				CLANG_WARN_OBJC_ROOT_CLASS = YES_ERROR;
				CLANG_WARN_RANGE_LOOP_ANALYSIS = YES;
				CLANG_WARN_STRICT_PROTOTYPES = YES;
				CLANG_WARN_SUSPICIOUS_MOVE = YES;
				CLANG_WARN_UNGUARDED_AVAILABILITY = YES_AGGRESSIVE;
				CLANG_WARN_UNREACHABLE_CODE = YES;
				CLANG_WARN__DUPLICATE_METHOD_MATCH = YES;
				CODE_SIGN_IDENTITY = "iPhone Developer";
				COPY_PHASE_STRIP = NO;
				DEBUG_INFORMATION_FORMAT = dwarf;
				ENABLE_STRICT_OBJC_MSGSEND = YES;
				ENABLE_TESTABILITY = YES;
				GCC_C_LANGUAGE_STANDARD = gnu11;
				GCC_DYNAMIC_NO_PIC = NO;
				GCC_NO_COMMON_BLOCKS = YES;
				GCC_OPTIMIZATION_LEVEL = 0;
				GCC_PREPROCESSOR_DEFINITIONS = (
					"DEBUG=1",
					"$(inherited)",
				);
				GCC_WARN_64_TO_32_BIT_CONVERSION = YES;
				GCC_WARN_ABOUT_RETURN_TYPE = YES_ERROR;
				GCC_WARN_UNDECLARED_SELECTOR = YES;
				GCC_WARN_UNINITIALIZED_AUTOS = YES_AGGRESSIVE;
				GCC_WARN_UNUSED_FUNCTION = YES;
				GCC_WARN_UNUSED_VARIABLE = YES;
				IPHONEOS_DEPLOYMENT_TARGET = 11.2;
				MTL_ENABLE_DEBUG_INFO = YES;
				ONLY_ACTIVE_ARCH = YES;
				SDKROOT = iphoneos;
				SWIFT_ACTIVE_COMPILATION_CONDITIONS = DEBUG;
				SWIFT_OPTIMIZATION_LEVEL = "-Onone";
			};
			name = Debug;
		};
		25DD473A201B5D0B00CF4869 /* Release */ = {
			isa = XCBuildConfiguration;
			buildSettings = {
				ALWAYS_SEARCH_USER_PATHS = NO;
				CLANG_ANALYZER_NONNULL = YES;
				CLANG_ANALYZER_NUMBER_OBJECT_CONVERSION = YES_AGGRESSIVE;
				CLANG_CXX_LANGUAGE_STANDARD = "gnu++14";
				CLANG_CXX_LIBRARY = "libc++";
				CLANG_ENABLE_MODULES = YES;
				CLANG_ENABLE_OBJC_ARC = YES;
				CLANG_WARN_BLOCK_CAPTURE_AUTORELEASING = YES;
				CLANG_WARN_BOOL_CONVERSION = YES;
				CLANG_WARN_COMMA = YES;
				CLANG_WARN_CONSTANT_CONVERSION = YES;
				CLANG_WARN_DIRECT_OBJC_ISA_USAGE = YES_ERROR;
				CLANG_WARN_DOCUMENTATION_COMMENTS = YES;
				CLANG_WARN_EMPTY_BODY = YES;
				CLANG_WARN_ENUM_CONVERSION = YES;
				CLANG_WARN_INFINITE_RECURSION = YES;
				CLANG_WARN_INT_CONVERSION = YES;
				CLANG_WARN_NON_LITERAL_NULL_CONVERSION = YES;
				CLANG_WARN_OBJC_LITERAL_CONVERSION = YES;
				CLANG_WARN_OBJC_ROOT_CLASS = YES_ERROR;
				CLANG_WARN_RANGE_LOOP_ANALYSIS = YES;
				CLANG_WARN_STRICT_PROTOTYPES = YES;
				CLANG_WARN_SUSPICIOUS_MOVE = YES;
				CLANG_WARN_UNGUARDED_AVAILABILITY = YES_AGGRESSIVE;
				CLANG_WARN_UNREACHABLE_CODE = YES;
				CLANG_WARN__DUPLICATE_METHOD_MATCH = YES;
				CODE_SIGN_IDENTITY = "iPhone Developer";
				COPY_PHASE_STRIP = NO;
				DEBUG_INFORMATION_FORMAT = "dwarf-with-dsym";
				ENABLE_NS_ASSERTIONS = NO;
				ENABLE_STRICT_OBJC_MSGSEND = YES;
				GCC_C_LANGUAGE_STANDARD = gnu11;
				GCC_NO_COMMON_BLOCKS = YES;
				GCC_WARN_64_TO_32_BIT_CONVERSION = YES;
				GCC_WARN_ABOUT_RETURN_TYPE = YES_ERROR;
				GCC_WARN_UNDECLARED_SELECTOR = YES;
				GCC_WARN_UNINITIALIZED_AUTOS = YES_AGGRESSIVE;
				GCC_WARN_UNUSED_FUNCTION = YES;
				GCC_WARN_UNUSED_VARIABLE = YES;
				IPHONEOS_DEPLOYMENT_TARGET = 11.2;
				MTL_ENABLE_DEBUG_INFO = NO;
				SDKROOT = iphoneos;
				SWIFT_OPTIMIZATION_LEVEL = "-Owholemodule";
				VALIDATE_PRODUCT = YES;
			};
			name = Release;
		};
		25DD473C201B5D0B00CF4869 /* Debug */ = {
			isa = XCBuildConfiguration;
			baseConfigurationReference = 67BECB4876A15A8C8DCEEA5E /* Pods-prototypeV1.debug.xcconfig */;
			buildSettings = {
				ASSETCATALOG_COMPILER_APPICON_NAME = AppIcon;
				CODE_SIGN_STYLE = Automatic;
				DEVELOPMENT_TEAM = 75W46TW7GG;
				INFOPLIST_FILE = prototypeV1/Info.plist;
				LD_RUNPATH_SEARCH_PATHS = "$(inherited) @executable_path/Frameworks";
				PRODUCT_BUNDLE_IDENTIFIER = medhat.prototypeV1;
				PRODUCT_NAME = "$(TARGET_NAME)";
				SWIFT_VERSION = 4.0;
				TARGETED_DEVICE_FAMILY = "1,2";
			};
			name = Debug;
		};
		25DD473D201B5D0B00CF4869 /* Release */ = {
			isa = XCBuildConfiguration;
			baseConfigurationReference = 049AECE57D12546FF8B5E6C9 /* Pods-prototypeV1.release.xcconfig */;
			buildSettings = {
				ASSETCATALOG_COMPILER_APPICON_NAME = AppIcon;
				CODE_SIGN_STYLE = Automatic;
				DEVELOPMENT_TEAM = 75W46TW7GG;
				INFOPLIST_FILE = prototypeV1/Info.plist;
				LD_RUNPATH_SEARCH_PATHS = "$(inherited) @executable_path/Frameworks";
				PRODUCT_BUNDLE_IDENTIFIER = medhat.prototypeV1;
				PRODUCT_NAME = "$(TARGET_NAME)";
				SWIFT_VERSION = 4.0;
				TARGETED_DEVICE_FAMILY = "1,2";
			};
			name = Release;
		};
/* End XCBuildConfiguration section */

/* Begin XCConfigurationList section */
		25DD4719201B5D0B00CF4869 /* Build configuration list for PBXProject "prototypeV1" */ = {
			isa = XCConfigurationList;
			buildConfigurations = (
				25DD4739201B5D0B00CF4869 /* Debug */,
				25DD473A201B5D0B00CF4869 /* Release */,
			);
			defaultConfigurationIsVisible = 0;
			defaultConfigurationName = Release;
		};
		25DD473B201B5D0B00CF4869 /* Build configuration list for PBXNativeTarget "prototypeV1" */ = {
			isa = XCConfigurationList;
			buildConfigurations = (
				25DD473C201B5D0B00CF4869 /* Debug */,
				25DD473D201B5D0B00CF4869 /* Release */,
			);
			defaultConfigurationIsVisible = 0;
			defaultConfigurationName = Release;
		};
/* End XCConfigurationList section */
	};
	rootObject = 25DD4716201B5D0B00CF4869 /* Project object */;
}
